
Microsoft Visual Studio Solution File, Format Version 12.00
# Visual Studio Version 17
VisualStudioVersion = 17.3.32929.385
MinimumVisualStudioVersion = 10.0.40219.1
Project("{FAE04EC0-301F-11D3-BF4B-00C04F79EFBC}") = "ADO.Net", "ADO.Net\ADO.Net.csproj", "{A8EA6EB3-D7F8-4692-8E35-99D82B675404}"
EndProject
Global
	GlobalSection(SolutionConfigurationPlatforms) = preSolution
		Debug|Any CPU = Debug|Any CPU
		Release|Any CPU = Release|Any CPU
	EndGlobalSection
	GlobalSection(ProjectConfigurationPlatforms) = postSolution
		{A8EA6EB3-D7F8-4692-8E35-99D82B675404}.Debug|Any CPU.ActiveCfg = Debug|Any CPU
		{A8EA6EB3-D7F8-4692-8E35-99D82B675404}.Debug|Any CPU.Build.0 = Debug|Any CPU
		{A8EA6EB3-D7F8-4692-8E35-99D82B675404}.Release|Any CPU.ActiveCfg = Release|Any CPU
		{A8EA6EB3-D7F8-4692-8E35-99D82B675404}.Release|Any CPU.Build.0 = Release|Any CPU
	EndGlobalSection
	GlobalSection(SolutionProperties) = preSolution
		HideSolutionNode = FALSE
	EndGlobalSection
	GlobalSection(ExtensibilityGlobals) = postSolution
		SolutionGuid = {6CD7CB96-FDB7-49E3-9208-4C90EF9E3FAB}
	EndGlobalSection
EndGlobal
